
Microsoft Visual Studio Solution File, Format Version 12.00
Project("{FAE04EC0-301F-11D3-BF4B-00C04F79EFBC}") = "Assignment01Linq", "Assignment01Linq\Assignment01Linq.csproj", "{C8F50E6F-32DC-4247-88FA-FE3E30841F0A}"
EndProject
Global
	GlobalSection(SolutionConfigurationPlatforms) = preSolution
		Debug|Any CPU = Debug|Any CPU
		Release|Any CPU = Release|Any CPU
	EndGlobalSection
	GlobalSection(ProjectConfigurationPlatforms) = postSolution
		{C8F50E6F-32DC-4247-88FA-FE3E30841F0A}.Debug|Any CPU.ActiveCfg = Debug|Any CPU
		{C8F50E6F-32DC-4247-88FA-FE3E30841F0A}.Debug|Any CPU.Build.0 = Debug|Any CPU
		{C8F50E6F-32DC-4247-88FA-FE3E30841F0A}.Release|Any CPU.ActiveCfg = Release|Any CPU
		{C8F50E6F-32DC-4247-88FA-FE3E30841F0A}.Release|Any CPU.Build.0 = Release|Any CPU
	EndGlobalSection
EndGlobal
